
Microsoft Visual Studio Solution File, Format Version 12.00
# Visual Studio Version 16
VisualStudioVersion = 16.0.31019.35
MinimumVisualStudioVersion = 16.0.31019.35
Project("{9A19103F-16F7-4668-BE54-9A1E7A4F7556}") = "AdminPanel", "AdminPanel\AdminPanel.csproj", "{912739C5-204E-4B15-B6F9-5D6B6E7136FE}"
EndProject
Project("{9A19103F-16F7-4668-BE54-9A1E7A4F7556}") = "PublicPanel", "PublicPanel\PublicPanel.csproj", "{785D75EB-5CD7-42D5-A51F-3F5A1016EFC4}"
EndProject
Global
	GlobalSection(SolutionConfigurationPlatforms) = preSolution
		Debug|Any CPU = Debug|Any CPU
		Release|Any CPU = Release|Any CPU
	EndGlobalSection
	GlobalSection(ProjectConfigurationPlatforms) = postSolution
		{912739C5-204E-4B15-B6F9-5D6B6E7136FE}.Debug|Any CPU.ActiveCfg = Debug|Any CPU
		{912739C5-204E-4B15-B6F9-5D6B6E7136FE}.Debug|Any CPU.Build.0 = Debug|Any CPU
		{912739C5-204E-4B15-B6F9-5D6B6E7136FE}.Release|Any CPU.ActiveCfg = Release|Any CPU
		{912739C5-204E-4B15-B6F9-5D6B6E7136FE}.Release|Any CPU.Build.0 = Release|Any CPU
		{785D75EB-5CD7-42D5-A51F-3F5A1016EFC4}.Debug|Any CPU.ActiveCfg = Debug|Any CPU
		{785D75EB-5CD7-42D5-A51F-3F5A1016EFC4}.Debug|Any CPU.Build.0 = Debug|Any CPU
		{785D75EB-5CD7-42D5-A51F-3F5A1016EFC4}.Release|Any CPU.ActiveCfg = Release|Any CPU
		{785D75EB-5CD7-42D5-A51F-3F5A1016EFC4}.Release|Any CPU.Build.0 = Release|Any CPU
	EndGlobalSection
	GlobalSection(SolutionProperties) = preSolution
		HideSolutionNode = FALSE
	EndGlobalSection
	GlobalSection(ExtensibilityGlobals) = postSolution
		SolutionGuid = {47C069DF-A786-4EDC-8738-DC0D69DD3D01}
	EndGlobalSection
	GlobalSection(TeamFoundationVersionControl) = preSolution
		SccNumberOfProjects = 4
		SccEnterpriseProvider = {4CA58AB2-18FA-4F8D-95D4-32DDF27D184C}
		SccTeamFoundationServer = https://vcs.devcircle.ir/saeed
		SccLocalPath0 = .
		SccProjectUniqueName1 = AdminPanel\\AdminPanel.csproj
		SccProjectName1 = AdminPanel
		SccLocalPath1 = AdminPanel
		SccProjectUniqueName2 = PublicPanel\\PublicPanel.csproj
		SccProjectName2 = PublicPanel
		SccLocalPath2 = PublicPanel
		SccProjectUniqueName3 = VueAdminPanel\\VueAdminPanel.csproj
		SccProjectName3 = VueAdminPanel
		SccLocalPath3 = VueAdminPanel
	EndGlobalSection
EndGlobal
